
Microsoft Visual Studio Solution File, Format Version 12.00
# Visual Studio Version 16
VisualStudioVersion = 16.0.31702.278
MinimumVisualStudioVersion = 10.0.40219.1
Project("{2150E333-8FDC-42A3-9474-1A3956D46DE8}") = "Documents", "Documents", "{3F2D3811-183F-4C64-8F73-7FBFE54A76AF}"
	ProjectSection(SolutionItems) = preProject
		.gitignore = .gitignore
		..\..\azure-pipelines.yml = ..\..\azure-pipelines.yml
		NuGet.Config = NuGet.Config
	EndProjectSection
EndProject
Project("{9A19103F-16F7-4668-BE54-9A1E7A4F7556}") = "Enterspeed.Demos.UmbracoCms.V9.FairyTales", "Enterspeed.Demos.UmbracoCms.V9.FairyTales.csproj", "{9FE207C0-2C57-4456-82D0-A19D24416282}"
EndProject
Global
	GlobalSection(SolutionConfigurationPlatforms) = preSolution
		Debug|Any CPU = Debug|Any CPU
		Release|Any CPU = Release|Any CPU
	EndGlobalSection
	GlobalSection(ProjectConfigurationPlatforms) = postSolution
		{9FE207C0-2C57-4456-82D0-A19D24416282}.Debug|Any CPU.ActiveCfg = Debug|Any CPU
		{9FE207C0-2C57-4456-82D0-A19D24416282}.Debug|Any CPU.Build.0 = Debug|Any CPU
		{9FE207C0-2C57-4456-82D0-A19D24416282}.Release|Any CPU.ActiveCfg = Release|Any CPU
		{9FE207C0-2C57-4456-82D0-A19D24416282}.Release|Any CPU.Build.0 = Release|Any CPU
	EndGlobalSection
	GlobalSection(SolutionProperties) = preSolution
		HideSolutionNode = FALSE
	EndGlobalSection
	GlobalSection(ExtensibilityGlobals) = postSolution
		SolutionGuid = {610EE700-6C5F-43CC-981E-239D96C314A3}
	EndGlobalSection
EndGlobal
